// !$*UTF8*$!
{
	archiveVersion = 1;
	classes = {
	};
	objectVersion = 71;
	objects = {

/* Begin PBXBuildFile section */
		A10000010000000000000001 /* HitsuPasswordManagerApp.swift in Sources */ = {isa = PBXBuildFile; fileRef = A20000010000000000000001 /* HitsuPasswordManagerApp.swift */; };
		A10000010000000000000002 /* ContentView.swift in Sources */ = {isa = PBXBuildFile; fileRef = A20000010000000000000002 /* ContentView.swift */; };
		A10000010000000000000003 /* Models.swift in Sources */ = {isa = PBXBuildFile; fileRef = A20000010000000000000003 /* Models.swift */; };
		A10000010000000000000004 /* VaultStore.swift in Sources */ = {isa = PBXBuildFile; fileRef = A20000010000000000000004 /* VaultStore.swift */; };
		A10000010000000000000005 /* KDBXKit in Frameworks */ = {isa = PBXBuildFile; productRef = A60000010000000000000001 /* KDBXKit */; };
		A10000010000000000000006 /* TOTP.swift in Sources */ = {isa = PBXBuildFile; fileRef = A20000010000000000000008 /* TOTP.swift */; };
		A10000010000000000000007 /* PasswordStrength.swift in Sources */ = {isa = PBXBuildFile; fileRef = A20000010000000000000009 /* PasswordStrength.swift */; };
		B10000010000000000000001 /* MetadataTests.swift in Sources */ = {isa = PBXBuildFile; fileRef = B20000010000000000000001 /* MetadataTests.swift */; };
		B10000010000000000000002 /* TOTPTests.swift in Sources */ = {isa = PBXBuildFile; fileRef = B20000010000000000000003 /* TOTPTests.swift */; };
		B10000010000000000000003 /* TypedFieldsTests.swift in Sources */ = {isa = PBXBuildFile; fileRef = B20000010000000000000004 /* TypedFieldsTests.swift */; };
		B10000010000000000000004 /* AttachmentTests.swift in Sources */ = {isa = PBXBuildFile; fileRef = B20000010000000000000005 /* AttachmentTests.swift */; };
		B10000010000000000000005 /* CardNumberTests.swift in Sources */ = {isa = PBXBuildFile; fileRef = B20000010000000000000006 /* CardNumberTests.swift */; };
		B10000010000000000000006 /* PasswordStrengthTests.swift in Sources */ = {isa = PBXBuildFile; fileRef = B20000010000000000000007 /* PasswordStrengthTests.swift */; };
		B10000010000000000000007 /* TrashFilteringTests.swift in Sources */ = {isa = PBXBuildFile; fileRef = B20000010000000000000008 /* TrashFilteringTests.swift */; };
		B10000010000000000000008 /* RecentEntriesTests.swift in Sources */ = {isa = PBXBuildFile; fileRef = B20000010000000000000009 /* RecentEntriesTests.swift */; };
/* End PBXBuildFile section */

/* Begin PBXFileReference section */
		A20000010000000000000001 /* HitsuPasswordManagerApp.swift */ = {isa = PBXFileReference; lastKnownFileType = sourcecode.swift; path = HitsuPasswordManagerApp.swift; sourceTree = "<group>"; };
		A20000010000000000000002 /* ContentView.swift */ = {isa = PBXFileReference; lastKnownFileType = sourcecode.swift; path = ContentView.swift; sourceTree = "<group>"; };
		A20000010000000000000003 /* Models.swift */ = {isa = PBXFileReference; lastKnownFileType = sourcecode.swift; path = Models.swift; sourceTree = "<group>"; };
		A20000010000000000000004 /* VaultStore.swift */ = {isa = PBXFileReference; lastKnownFileType = sourcecode.swift; path = VaultStore.swift; sourceTree = "<group>"; };
		A20000010000000000000005 /* HitsuPasswordManager.app */ = {isa = PBXFileReference; explicitFileType = wrapper.application; includeInIndex = 0; path = HitsuPasswordManager.app; sourceTree = BUILT_PRODUCTS_DIR; };
		A20000010000000000000006 /* HitsuPasswordManager/Info.plist */ = {isa = PBXFileReference; lastKnownFileType = text.plist.xml; path = HitsuPasswordManager/Info.plist; sourceTree = "<group>"; };
		A20000010000000000000007 /* HitsuPasswordManager/HitsuPasswordManager.entitlements */ = {isa = PBXFileReference; lastKnownFileType = text.plist.entitlements; path = HitsuPasswordManager/HitsuPasswordManager.entitlements; sourceTree = "<group>"; };
		A20000010000000000000008 /* TOTP.swift */ = {isa = PBXFileReference; lastKnownFileType = sourcecode.swift; path = TOTP.swift; sourceTree = "<group>"; };
		A20000010000000000000009 /* PasswordStrength.swift */ = {isa = PBXFileReference; lastKnownFileType = sourcecode.swift; path = PasswordStrength.swift; sourceTree = "<group>"; };
		B20000010000000000000001 /* MetadataTests.swift */ = {isa = PBXFileReference; lastKnownFileType = sourcecode.swift; path = MetadataTests.swift; sourceTree = "<group>"; };
		B20000010000000000000002 /* HitsuPasswordManagerTests.xctest */ = {isa = PBXFileReference; explicitFileType = wrapper.cfbundle; includeInIndex = 0; path = HitsuPasswordManagerTests.xctest; sourceTree = BUILT_PRODUCTS_DIR; };
		B20000010000000000000003 /* TOTPTests.swift */ = {isa = PBXFileReference; lastKnownFileType = sourcecode.swift; path = TOTPTests.swift; sourceTree = "<group>"; };
		B20000010000000000000004 /* TypedFieldsTests.swift */ = {isa = PBXFileReference; lastKnownFileType = sourcecode.swift; path = TypedFieldsTests.swift; sourceTree = "<group>"; };
		B20000010000000000000005 /* AttachmentTests.swift */ = {isa = PBXFileReference; lastKnownFileType = sourcecode.swift; path = AttachmentTests.swift; sourceTree = "<group>"; };
		B20000010000000000000006 /* CardNumberTests.swift */ = {isa = PBXFileReference; lastKnownFileType = sourcecode.swift; path = CardNumberTests.swift; sourceTree = "<group>"; };
		B20000010000000000000007 /* PasswordStrengthTests.swift */ = {isa = PBXFileReference; lastKnownFileType = sourcecode.swift; path = PasswordStrengthTests.swift; sourceTree = "<group>"; };
		B20000010000000000000008 /* TrashFilteringTests.swift */ = {isa = PBXFileReference; lastKnownFileType = sourcecode.swift; path = TrashFilteringTests.swift; sourceTree = "<group>"; };
		B20000010000000000000009 /* RecentEntriesTests.swift */ = {isa = PBXFileReference; lastKnownFileType = sourcecode.swift; path = RecentEntriesTests.swift; sourceTree = "<group>"; };
		C20000010000000000000001 /* Signing.xcconfig */ = {isa = PBXFileReference; lastKnownFileType = text.xcconfig; path = Signing.xcconfig; sourceTree = "<group>"; };
/* End PBXFileReference section */

/* Begin PBXFrameworksBuildPhase section */
		A30000010000000000000001 /* Frameworks */ = {
			isa = PBXFrameworksBuildPhase;
			buildActionMask = 2147483647;
			files = (
				A10000010000000000000005 /* KDBXKit in Frameworks */,
			);
			runOnlyForDeploymentPostprocessing = 0;
		};
		B30000010000000000000001 /* Frameworks */ = {
			isa = PBXFrameworksBuildPhase;
			buildActionMask = 2147483647;
			files = (
			);
			runOnlyForDeploymentPostprocessing = 0;
		};
/* End PBXFrameworksBuildPhase section */

/* Begin PBXGroup section */
		A40000010000000000000001 = {
			isa = PBXGroup;
			children = (
				A40000010000000000000002 /* HitsuPasswordManager */,
				B40000010000000000000001 /* HitsuPasswordManagerTests */,
				C40000010000000000000001 /* Config */,
				A40000010000000000000003 /* Products */,
			);
			sourceTree = "<group>";
		};
		A40000010000000000000002 /* HitsuPasswordManager */ = {
			isa = PBXGroup;
			children = (
				A20000010000000000000001 /* HitsuPasswordManagerApp.swift */,
				A20000010000000000000002 /* ContentView.swift */,
				A20000010000000000000003 /* Models.swift */,
				A20000010000000000000004 /* VaultStore.swift */,
				A20000010000000000000008 /* TOTP.swift */,
				A20000010000000000000009 /* PasswordStrength.swift */,
				A20000010000000000000006 /* HitsuPasswordManager/Info.plist */,
				A20000010000000000000007 /* HitsuPasswordManager/HitsuPasswordManager.entitlements */,
			);
			path = HitsuPasswordManager;
			sourceTree = "<group>";
		};
		B40000010000000000000001 /* HitsuPasswordManagerTests */ = {
			isa = PBXGroup;
			children = (
				B20000010000000000000001 /* MetadataTests.swift */,
				B20000010000000000000003 /* TOTPTests.swift */,
				B20000010000000000000004 /* TypedFieldsTests.swift */,
				B20000010000000000000005 /* AttachmentTests.swift */,
				B20000010000000000000006 /* CardNumberTests.swift */,
				B20000010000000000000007 /* PasswordStrengthTests.swift */,
				B20000010000000000000008 /* TrashFilteringTests.swift */,
				B20000010000000000000009 /* RecentEntriesTests.swift */,
			);
			path = HitsuPasswordManagerTests;
			sourceTree = "<group>";
		};
		C40000010000000000000001 /* Config */ = {
			isa = PBXGroup;
			children = (
				C20000010000000000000001 /* Signing.xcconfig */,
			);
			path = Config;
			sourceTree = "<group>";
		};
		A40000010000000000000003 /* Products */ = {
			isa = PBXGroup;
			children = (
				A20000010000000000000005 /* HitsuPasswordManager.app */,
				B20000010000000000000002 /* HitsuPasswordManagerTests.xctest */,
			);
			name = Products;
			sourceTree = "<group>";
		};
/* End PBXGroup section */

/* Begin PBXNativeTarget section */
		A50000010000000000000001 /* HitsuPasswordManager */ = {
			isa = PBXNativeTarget;
			buildConfigurationList = A70000010000000000000001 /* Build configuration list for PBXNativeTarget "HitsuPasswordManager" */;
			buildPhases = (
				A30000010000000000000002 /* Sources */,
				A30000010000000000000001 /* Frameworks */,
				A30000010000000000000003 /* Resources */,
			);
			buildRules = (
			);
			dependencies = (
			);
			name = HitsuPasswordManager;
			packageProductDependencies = (
				A60000010000000000000001 /* KDBXKit */,
			);
			productName = HitsuPasswordManager;
			productReference = A20000010000000000000005 /* HitsuPasswordManager.app */;
			productType = "com.apple.product-type.application";
		};
		B50000010000000000000001 /* HitsuPasswordManagerTests */ = {
			isa = PBXNativeTarget;
			buildConfigurationList = B70000010000000000000001 /* Build configuration list for PBXNativeTarget "HitsuPasswordManagerTests" */;
			buildPhases = (
				B30000010000000000000002 /* Sources */,
				B30000010000000000000001 /* Frameworks */,
			);
			buildRules = (
			);
			dependencies = (
				B60000010000000000000001 /* PBXTargetDependency */,
			);
			name = HitsuPasswordManagerTests;
			packageProductDependencies = (
			);
			productName = HitsuPasswordManagerTests;
			productReference = B20000010000000000000002 /* HitsuPasswordManagerTests.xctest */;
			productType = "com.apple.product-type.bundle.unit-test";
		};
/* End PBXNativeTarget section */

/* Begin PBXProject section */
		A80000010000000000000001 /* Project object */ = {
			isa = PBXProject;
			attributes = {
				BuildIndependentTargetsInParallel = 1;
				LastSwiftUpdateCheck = 1600;
				TargetAttributes = {
					A50000010000000000000001 = {
						CreatedOnToolsVersion = 16.0;
					};
					B50000010000000000000001 = {
						CreatedOnToolsVersion = 16.0;
						TestTargetID = A50000010000000000000001;
					};
				};
			};
			buildConfigurationList = A70000010000000000000002 /* Build configuration list for PBXProject "HitsuPasswordManager" */;
			compatibilityVersion = "Xcode 16.0";
			developmentRegion = en;
			hasScannedForEncodings = 0;
			knownRegions = (
				en,
				Base,
			);
			mainGroup = A40000010000000000000001;
			packageReferences = (
				A90000010000000000000001 /* XCRemoteSwiftPackageReference "KDBXKit" */,
			);
			productRefGroup = A40000010000000000000003 /* Products */;
			projectDirPath = "";
			projectRoot = "";
			targets = (
				A50000010000000000000001 /* HitsuPasswordManager */,
				B50000010000000000000001 /* HitsuPasswordManagerTests */,
			);
		};
/* End PBXProject section */

/* Begin PBXContainerItemProxy section */
		B90000010000000000000001 /* PBXContainerItemProxy */ = {
			isa = PBXContainerItemProxy;
			containerPortal = A80000010000000000000001 /* Project object */;
			proxyType = 1;
			remoteGlobalIDString = A50000010000000000000001;
			remoteInfo = HitsuPasswordManager;
		};
/* End PBXContainerItemProxy section */

/* Begin PBXResourcesBuildPhase section */
		A30000010000000000000003 /* Resources */ = {
			isa = PBXResourcesBuildPhase;
			buildActionMask = 2147483647;
			files = (
			);
			runOnlyForDeploymentPostprocessing = 0;
		};
/* End PBXResourcesBuildPhase section */

/* Begin PBXSourcesBuildPhase section */
		A30000010000000000000002 /* Sources */ = {
			isa = PBXSourcesBuildPhase;
			buildActionMask = 2147483647;
			files = (
				A10000010000000000000001 /* HitsuPasswordManagerApp.swift in Sources */,
				A10000010000000000000002 /* ContentView.swift in Sources */,
				A10000010000000000000003 /* Models.swift in Sources */,
				A10000010000000000000004 /* VaultStore.swift in Sources */,
				A10000010000000000000006 /* TOTP.swift in Sources */,
				A10000010000000000000007 /* PasswordStrength.swift in Sources */,
			);
			runOnlyForDeploymentPostprocessing = 0;
		};
		B30000010000000000000002 /* Sources */ = {
			isa = PBXSourcesBuildPhase;
			buildActionMask = 2147483647;
			files = (
				B10000010000000000000001 /* MetadataTests.swift in Sources */,
				B10000010000000000000002 /* TOTPTests.swift in Sources */,
				B10000010000000000000003 /* TypedFieldsTests.swift in Sources */,
				B10000010000000000000004 /* AttachmentTests.swift in Sources */,
				B10000010000000000000005 /* CardNumberTests.swift in Sources */,
				B10000010000000000000006 /* PasswordStrengthTests.swift in Sources */,
				B10000010000000000000007 /* TrashFilteringTests.swift in Sources */,
				B10000010000000000000008 /* RecentEntriesTests.swift in Sources */,
			);
			runOnlyForDeploymentPostprocessing = 0;
		};
/* End PBXSourcesBuildPhase section */

/* Begin XCBuildConfiguration section */
		A71000010000000000000001 /* Debug */ = {
			isa = XCBuildConfiguration;
			baseConfigurationReference = C20000010000000000000001 /* Signing.xcconfig */;
			buildSettings = {
				CODE_SIGN_STYLE = Automatic;
				CURRENT_PROJECT_VERSION = 1;
				DEFINES_MODULE = YES;
				GENERATE_INFOPLIST_FILE = NO;
				INFOPLIST_FILE = HitsuPasswordManager/Info.plist;
				IPHONEOS_DEPLOYMENT_TARGET = 18.0;
				LD_RUNPATH_SEARCH_PATHS = (
					"$(inherited)",
					"@executable_path/Frameworks",
				);
				LIBRARY_SEARCH_PATHS = "$(SDKROOT)/usr/lib";
				PRODUCT_BUNDLE_IDENTIFIER = "com.ruaylabs.hitsu-password-manager";
				PRODUCT_NAME = "$(TARGET_NAME)";
				SDKROOT = iphoneos;
				SUPPORTED_PLATFORMS = "iphoneos iphonesimulator";
				SWIFT_EMIT_LOC_STRINGS = YES;
				SWIFT_VERSION = 6.0;
				TARGETED_DEVICE_FAMILY = "1,2";
			};
			name = Debug;
		};
		A71000010000000000000002 /* Release */ = {
			isa = XCBuildConfiguration;
			baseConfigurationReference = C20000010000000000000001 /* Signing.xcconfig */;
			buildSettings = {
				CODE_SIGN_STYLE = Automatic;
				CURRENT_PROJECT_VERSION = 1;
				DEFINES_MODULE = YES;
				GENERATE_INFOPLIST_FILE = NO;
				INFOPLIST_FILE = HitsuPasswordManager/Info.plist;
				IPHONEOS_DEPLOYMENT_TARGET = 18.0;
				LD_RUNPATH_SEARCH_PATHS = (
					"$(inherited)",
					"@executable_path/Frameworks",
				);
				LIBRARY_SEARCH_PATHS = "$(SDKROOT)/usr/lib";
				PRODUCT_BUNDLE_IDENTIFIER = "com.ruaylabs.hitsu-password-manager";
				PRODUCT_NAME = "$(TARGET_NAME)";
				SDKROOT = iphoneos;
				SUPPORTED_PLATFORMS = "iphoneos iphonesimulator";
				SWIFT_EMIT_LOC_STRINGS = YES;
				SWIFT_VERSION = 6.0;
				TARGETED_DEVICE_FAMILY = "1,2";
			};
			name = Release;
		};
		A72000010000000000000001 /* Debug */ = {
			isa = XCBuildConfiguration;
			buildSettings = {
				ALWAYS_SEARCH_USER_PATHS = NO;
				CLANG_ENABLE_MODULES = YES;
				CLANG_ENABLE_OBJC_ARC = YES;
				ENABLE_TESTABILITY = YES;
				ONLY_ACTIVE_ARCH = YES;
				SWIFT_OPTIMIZATION_LEVEL = "-Onone";
			};
			name = Debug;
		};
		A72000010000000000000002 /* Release */ = {
			isa = XCBuildConfiguration;
			buildSettings = {
				ALWAYS_SEARCH_USER_PATHS = NO;
				CLANG_ENABLE_MODULES = YES;
				CLANG_ENABLE_OBJC_ARC = YES;
				SWIFT_OPTIMIZATION_LEVEL = "-O";
			};
			name = Release;
		};
		B71000010000000000000001 /* Debug */ = {
			isa = XCBuildConfiguration;
			baseConfigurationReference = C20000010000000000000001 /* Signing.xcconfig */;
			buildSettings = {
				BUNDLE_LOADER = "$(TEST_HOST)";
				CODE_SIGN_STYLE = Automatic;
				GENERATE_INFOPLIST_FILE = YES;
				IPHONEOS_DEPLOYMENT_TARGET = 18.0;
				LIBRARY_SEARCH_PATHS = "$(SDKROOT)/usr/lib";
				PRODUCT_BUNDLE_IDENTIFIER = "com.ruaylabs.hitsu-password-manager-tests";
				PRODUCT_NAME = "$(TARGET_NAME)";
				SDKROOT = iphoneos;
				SUPPORTED_PLATFORMS = "iphoneos iphonesimulator";
				SWIFT_VERSION = 6.0;
				TARGETED_DEVICE_FAMILY = "1,2";
				TEST_HOST = "$(BUILT_PRODUCTS_DIR)/HitsuPasswordManager.app/$(BUNDLE_EXECUTABLE_FOLDER_PATH)/HitsuPasswordManager";
			};
			name = Debug;
		};
		B71000010000000000000002 /* Release */ = {
			isa = XCBuildConfiguration;
			baseConfigurationReference = C20000010000000000000001 /* Signing.xcconfig */;
			buildSettings = {
				BUNDLE_LOADER = "$(TEST_HOST)";
				CODE_SIGN_STYLE = Automatic;
				GENERATE_INFOPLIST_FILE = YES;
				IPHONEOS_DEPLOYMENT_TARGET = 18.0;
				LIBRARY_SEARCH_PATHS = "$(SDKROOT)/usr/lib";
				PRODUCT_BUNDLE_IDENTIFIER = "com.ruaylabs.hitsu-password-manager-tests";
				PRODUCT_NAME = "$(TARGET_NAME)";
				SDKROOT = iphoneos;
				SUPPORTED_PLATFORMS = "iphoneos iphonesimulator";
				SWIFT_VERSION = 6.0;
				TARGETED_DEVICE_FAMILY = "1,2";
				TEST_HOST = "$(BUILT_PRODUCTS_DIR)/HitsuPasswordManager.app/$(BUNDLE_EXECUTABLE_FOLDER_PATH)/HitsuPasswordManager";
			};
			name = Release;
		};
/* End XCBuildConfiguration section */

/* Begin XCConfigurationList section */
		A70000010000000000000001 /* Build configuration list for PBXNativeTarget "HitsuPasswordManager" */ = {
			isa = XCConfigurationList;
			buildConfigurations = (
				A71000010000000000000001 /* Debug */,
				A71000010000000000000002 /* Release */,
			);
			defaultConfigurationIsVisible = 0;
			defaultConfigurationName = Release;
		};
		A70000010000000000000002 /* Build configuration list for PBXProject "HitsuPasswordManager" */ = {
			isa = XCConfigurationList;
			buildConfigurations = (
				A72000010000000000000001 /* Debug */,
				A72000010000000000000002 /* Release */,
			);
			defaultConfigurationIsVisible = 0;
			defaultConfigurationName = Release;
		};
		B70000010000000000000001 /* Build configuration list for PBXNativeTarget "HitsuPasswordManagerTests" */ = {
			isa = XCConfigurationList;
			buildConfigurations = (
				B71000010000000000000001 /* Debug */,
				B71000010000000000000002 /* Release */,
			);
			defaultConfigurationIsVisible = 0;
			defaultConfigurationName = Release;
		};
/* End XCConfigurationList section */

/* Begin PBXTargetDependency section */
		B60000010000000000000001 /* PBXTargetDependency */ = {
			isa = PBXTargetDependency;
			target = A50000010000000000000001 /* HitsuPasswordManager */;
			targetProxy = B90000010000000000000001 /* PBXContainerItemProxy */;
		};
/* End PBXTargetDependency section */

/* Begin XCRemoteSwiftPackageReference section */
		A90000010000000000000001 /* XCRemoteSwiftPackageReference "KDBXKit" */ = {
			isa = XCRemoteSwiftPackageReference;
			repositoryURL = "https://github.com/shadone/KDBXKit.git";
			requirement = {
				kind = upToNextMajorVersion;
				minimumVersion = 1.3.0;
			};
		};
/* End XCRemoteSwiftPackageReference section */

/* Begin XCSwiftPackageProductDependency section */
		A60000010000000000000001 /* KDBXKit */ = {
			isa = XCSwiftPackageProductDependency;
			package = A90000010000000000000001 /* XCRemoteSwiftPackageReference "KDBXKit" */;
			productName = KDBXKit;
		};
/* End XCSwiftPackageProductDependency section */
	};
	rootObject = A80000010000000000000001 /* Project object */;
}
